
Microsoft Visual Studio Solution File, Format Version 12.00
# Visual Studio Version 16
VisualStudioVersion = 16.0.31025.194
MinimumVisualStudioVersion = 10.0.40219.1
Project("{9A19103F-16F7-4668-BE54-9A1E7A4F7556}") = "Library of Aristotle", "Library of Aristotle\Library of Aristotle.csproj", "{538B9FF8-BC6F-40C8-89D4-5C0CCD976533}"
EndProject
Project("{9A19103F-16F7-4668-BE54-9A1E7A4F7556}") = "ServiceTests", "DemoTest\ServiceTests.csproj", "{9FC7C19D-72F8-42BE-A552-162D8AD5B430}"
EndProject
Global
	GlobalSection(SolutionConfigurationPlatforms) = preSolution
		Debug|Any CPU = Debug|Any CPU
		Release|Any CPU = Release|Any CPU
	EndGlobalSection
	GlobalSection(ProjectConfigurationPlatforms) = postSolution
		{538B9FF8-BC6F-40C8-89D4-5C0CCD976533}.Debug|Any CPU.ActiveCfg = Debug|Any CPU
		{538B9FF8-BC6F-40C8-89D4-5C0CCD976533}.Debug|Any CPU.Build.0 = Debug|Any CPU
		{538B9FF8-BC6F-40C8-89D4-5C0CCD976533}.Release|Any CPU.ActiveCfg = Release|Any CPU
		{538B9FF8-BC6F-40C8-89D4-5C0CCD976533}.Release|Any CPU.Build.0 = Release|Any CPU
		{9FC7C19D-72F8-42BE-A552-162D8AD5B430}.Debug|Any CPU.ActiveCfg = Debug|Any CPU
		{9FC7C19D-72F8-42BE-A552-162D8AD5B430}.Debug|Any CPU.Build.0 = Debug|Any CPU
		{9FC7C19D-72F8-42BE-A552-162D8AD5B430}.Release|Any CPU.ActiveCfg = Release|Any CPU
		{9FC7C19D-72F8-42BE-A552-162D8AD5B430}.Release|Any CPU.Build.0 = Release|Any CPU
	EndGlobalSection
	GlobalSection(SolutionProperties) = preSolution
		HideSolutionNode = FALSE
	EndGlobalSection
	GlobalSection(ExtensibilityGlobals) = postSolution
		SolutionGuid = {D1B8B883-845C-42CA-917A-12FFE5ACAE15}
	EndGlobalSection
EndGlobal
